<?xml version="1.0" encoding="utf-8"?>
<Project ToolsVersion="4.0" xmlns="http://schemas.microsoft.com/developer/msbuild/2003">
  <ItemGroup>
    <Filter Include="Source Files">
      <UniqueIdentifier>{0f44d881-2d9b-49aa-bd8c-0f1ca021e4bc}</UniqueIdentifier>
      <Extensions>cpp;c;cxx;rc;def;r;odl;idl;hpj;bat</Extensions>
    </Filter>
    <Filter Include="Header Files">
      <UniqueIdentifier>{a9a63c7f-88a4-4bb8-9783-71e0a5022e01}</UniqueIdentifier>
      <Extensions>h;hpp;hxx;hm;inl</Extensions>
    </Filter>
  </ItemGroup>
  <ItemGroup>
    <ClCompile Include="Checksum.cpp">
      <Filter>Source Files</Filter>
    </ClCompile>
    <ClCompile Include="IniFilesReadWrite.cpp">
      <Filter>Source Files</Filter>
    </ClCompile>
    <ClCompile Include="Registry.cpp">
      <Filter>Source Files</Filter>
    </ClCompile>
    <ClCompile Include="Append2File.cpp">
      <Filter>Source Files</Filter>
    </ClCompile>
    <ClCompile Include="VersionXtend.cpp">
      <Filter>Source Files</Filter>
    </ClCompile>
  </ItemGroup>
  <ItemGroup>
    <ClInclude Include="Append2File.h">
      <Filter>Header Files</Filter>
    </ClInclude>
    <ClInclude Include="Checksum.h">
      <Filter>Header Files</Filter>
    </ClInclude>
    <ClInclude Include="IniFilesReadWrite.h">
      <Filter>Header Files</Filter>
    </ClInclude>
    <ClInclude Include="Registry.h">
      <Filter>Header Files</Filter>
    </ClInclude>
    <ClInclude Include="VersionXtend.h">
      <Filter>Header Files</Filter>
    </ClInclude>
  </ItemGroup>
</Project>