<?xml version="1.0" encoding="utf-8"?>
<Project ToolsVersion="4.0" xmlns="http://schemas.microsoft.com/developer/msbuild/2003">
  <ItemGroup>
    <Filter Include="Source Files">
      <UniqueIdentifier>{68b8316f-5ede-4754-902d-1dd4d31b27b2}</UniqueIdentifier>
      <Extensions>cpp;c;cxx;rc;def;r;odl;idl;hpj;bat</Extensions>
    </Filter>
    <Filter Include="Header Files">
      <UniqueIdentifier>{f4635694-ceaa-4126-89db-9554558134aa}</UniqueIdentifier>
      <Extensions>h;hpp;hxx;hm;inl</Extensions>
    </Filter>
    <Filter Include="Resource Files">
      <UniqueIdentifier>{46d58295-5e54-4923-b63d-9b8d90c65439}</UniqueIdentifier>
      <Extensions>ico;cur;bmp;dlg;rc2;rct;bin;rgs;gif;jpg;jpeg;jpe</Extensions>
    </Filter>
  </ItemGroup>
  <ItemGroup>
    <ClCompile Include="Globals.cpp">
      <Filter>Source Files</Filter>
    </ClCompile>
    <ClCompile Include="Impairment.cpp">
      <Filter>Source Files</Filter>
    </ClCompile>
    <ClCompile Include="List2.cpp">
      <Filter>Source Files</Filter>
    </ClCompile>
    <ClCompile Include="QueueBufferClass.cpp">
      <Filter>Source Files</Filter>
    </ClCompile>
    <ClCompile Include="QueueFileManager.cpp">
      <Filter>Source Files</Filter>
    </ClCompile>
    <ClCompile Include="Registry43.cpp">
      <Filter>Source Files</Filter>
    </ClCompile>
    <ClCompile Include="SpoolCollection.cpp">
      <Filter>Source Files</Filter>
    </ClCompile>
    <ClCompile Include="SpoolUtil.cpp">
      <Filter>Source Files</Filter>
    </ClCompile>
    <ClCompile Include="Stub1.cpp">
      <Filter>Source Files</Filter>
    </ClCompile>
    <ClCompile Include="Stub2.cpp">
      <Filter>Source Files</Filter>
    </ClCompile>
    <ClCompile Include="Transaction.cpp">
      <Filter>Source Files</Filter>
    </ClCompile>
    <ClCompile Include="Util.cpp">
      <Filter>Source Files</Filter>
    </ClCompile>
    <ClCompile Include="Util2.cpp">
      <Filter>Source Files</Filter>
    </ClCompile>
    <ClCompile Include="Util43.cpp">
      <Filter>Source Files</Filter>
    </ClCompile>
    <ClCompile Include="UtilXA.cpp">
      <Filter>Source Files</Filter>
    </ClCompile>
    <ClCompile Include="Xnchldwn.cpp">
      <Filter>Source Files</Filter>
    </ClCompile>
    <ClCompile Include="Xncom.cpp">
      <Filter>Source Files</Filter>
    </ClCompile>
    <ClCompile Include="Xnd4x.cpp">
      <Filter>Source Files</Filter>
    </ClCompile>
    <ClCompile Include="Xnfcnts.cpp">
      <Filter>Source Files</Filter>
    </ClCompile>
    <ClCompile Include="Xnpgado.cpp">
      <Filter>Source Files</Filter>
    </ClCompile>
    <ClCompile Include="Xnpgchk.cpp">
      <Filter>Source Files</Filter>
    </ClCompile>
    <ClCompile Include="Xnpgcom.cpp">
      <Filter>Source Files</Filter>
    </ClCompile>
    <ClCompile Include="Xnpgd4x.cpp">
      <Filter>Source Files</Filter>
    </ClCompile>
    <ClCompile Include="Xnpgd4xb.cpp">
      <Filter>Source Files</Filter>
    </ClCompile>
    <ClCompile Include="Xnpginit.cpp">
      <Filter>Source Files</Filter>
    </ClCompile>
    <ClCompile Include="Xnpglst.cpp">
      <Filter>Source Files</Filter>
    </ClCompile>
    <ClCompile Include="Xnpgport.cpp">
      <Filter>Source Files</Filter>
    </ClCompile>
    <ClCompile Include="Xnpgque.cpp">
      <Filter>Source Files</Filter>
    </ClCompile>
    <ClCompile Include="Xnschado.cpp">
      <Filter>Source Files</Filter>
    </ClCompile>
    <ClCompile Include="Xtpgsrv.cpp">
      <Filter>Source Files</Filter>
    </ClCompile>
    <ClCompile Include="DataBaseAccessor.cpp">
      <Filter>Source Files</Filter>
    </ClCompile>
    <ClCompile Include="Mpinit.cpp">
      <Filter>Source Files</Filter>
    </ClCompile>
    <ClCompile Include="AdoWrap.cpp">
      <Filter>Source Files</Filter>
    </ClCompile>
  </ItemGroup>
  <ItemGroup>
    <ClInclude Include="Defines.h">
      <Filter>Header Files</Filter>
    </ClInclude>
    <ClInclude Include="DefinesS.h">
      <Filter>Header Files</Filter>
    </ClInclude>
    <ClInclude Include="Enums.h">
      <Filter>Header Files</Filter>
    </ClInclude>
    <ClInclude Include="EnumsS.h">
      <Filter>Header Files</Filter>
    </ClInclude>
    <ClInclude Include="Globals.h">
      <Filter>Header Files</Filter>
    </ClInclude>
    <ClInclude Include="icstring.h">
      <Filter>Header Files</Filter>
    </ClInclude>
    <ClInclude Include="Impairment.h">
      <Filter>Header Files</Filter>
    </ClInclude>
    <ClInclude Include="List2.h">
      <Filter>Header Files</Filter>
    </ClInclude>
    <ClInclude Include="QueueBufferClass.h">
      <Filter>Header Files</Filter>
    </ClInclude>
    <ClInclude Include="QueueFileManager.h">
      <Filter>Header Files</Filter>
    </ClInclude>
    <ClInclude Include="Registry43.h">
      <Filter>Header Files</Filter>
    </ClInclude>
    <ClInclude Include="resource.h">
      <Filter>Header Files</Filter>
    </ClInclude>
    <ClInclude Include="SpoolCollection.h">
      <Filter>Header Files</Filter>
    </ClInclude>
    <ClInclude Include="SpoolUtil.h">
      <Filter>Header Files</Filter>
    </ClInclude>
    <ClInclude Include="Structs.h">
      <Filter>Header Files</Filter>
    </ClInclude>
    <ClInclude Include="Structs43.h">
      <Filter>Header Files</Filter>
    </ClInclude>
    <ClInclude Include="StructsS.h">
      <Filter>Header Files</Filter>
    </ClInclude>
    <ClInclude Include="Transaction.h">
      <Filter>Header Files</Filter>
    </ClInclude>
    <ClInclude Include="Xtpgsrv.h">
      <Filter>Header Files</Filter>
    </ClInclude>
    <ClInclude Include="ErrorLog.h">
      <Filter>Header Files</Filter>
    </ClInclude>
    <ClInclude Include="Util2.h">
      <Filter>Header Files</Filter>
    </ClInclude>
    <ClInclude Include="Common.h">
      <Filter>Header Files</Filter>
    </ClInclude>
    <ClInclude Include="DataBaseAccessor.h">
      <Filter>Header Files</Filter>
    </ClInclude>
    <ClInclude Include="AdoWrap.h">
      <Filter>Header Files</Filter>
    </ClInclude>
    <ClInclude Include="stringUtil.h">
      <Filter>Header Files</Filter>
    </ClInclude>
    <ClInclude Include="Xnchldwn.h">
      <Filter>Header Files</Filter>
    </ClInclude>
  </ItemGroup>
  <ItemGroup>
    <ResourceCompile Include="Xtpgsrv.rc">
      <Filter>Resource Files</Filter>
    </ResourceCompile>
  </ItemGroup>
  <ItemGroup>
    <CustomBuild Include="res\cursor1.cur">
      <Filter>Resource Files</Filter>
    </CustomBuild>
    <CustomBuild Include="res\Delete.bmp">
      <Filter>Resource Files</Filter>
    </CustomBuild>
    <CustomBuild Include="res\New.bmp">
      <Filter>Resource Files</Filter>
    </CustomBuild>
    <CustomBuild Include="res\note300.ico">
      <Filter>Resource Files</Filter>
    </CustomBuild>
    <CustomBuild Include="res\Openfold.bmp">
      <Filter>Resource Files</Filter>
    </CustomBuild>
    <CustomBuild Include="res\PageCfg.ico">
      <Filter>Resource Files</Filter>
    </CustomBuild>
    <CustomBuild Include="res\PageSrv.ico">
      <Filter>Resource Files</Filter>
    </CustomBuild>
    <CustomBuild Include="res\pgmnbmp.bmp">
      <Filter>Resource Files</Filter>
    </CustomBuild>
    <CustomBuild Include="res\Save.bmp">
      <Filter>Resource Files</Filter>
    </CustomBuild>
    <CustomBuild Include="res\STA1.ICO">
      <Filter>Resource Files</Filter>
    </CustomBuild>
    <CustomBuild Include="res\STA2.ICO">
      <Filter>Resource Files</Filter>
    </CustomBuild>
    <CustomBuild Include="res\STA3.ICO">
      <Filter>Resource Files</Filter>
    </CustomBuild>
    <CustomBuild Include="res\STA4.ICO">
      <Filter>Resource Files</Filter>
    </CustomBuild>
    <CustomBuild Include="res\note301.ico">
      <Filter>Resource Files</Filter>
    </CustomBuild>
  </ItemGroup>
</Project>